
Microsoft Visual Studio Solution File, Format Version 12.00
# Visual Studio Version 17
VisualStudioVersion = 17.4.33403.182
MinimumVisualStudioVersion = 10.0.40219.1
Project("{9A19103F-16F7-4668-BE54-9A1E7A4F7556}") = "NativeFileDialogExtendedSharp", "NativeFileDialogSharp\NativeFileDialogExtendedSharp.csproj", "{25EAE3E4-AA29-4008-87B1-A7D908173A9A}"
EndProject
Project("{9A19103F-16F7-4668-BE54-9A1E7A4F7556}") = "NativeFileDialogSharp.Sandbox", "NativeFileDialogSharp.Sandbox\NativeFileDialogSharp.Sandbox.csproj", "{6D11F64E-E059-47E1-97B9-DE208A5BDA4C}"
EndProject
Global
	GlobalSection(SolutionConfigurationPlatforms) = preSolution
		Debug|Any CPU = Debug|Any CPU
		Release|Any CPU = Release|Any CPU
	EndGlobalSection
	GlobalSection(ProjectConfigurationPlatforms) = postSolution
		{25EAE3E4-AA29-4008-87B1-A7D908173A9A}.Debug|Any CPU.ActiveCfg = Debug|Any CPU
		{25EAE3E4-AA29-4008-87B1-A7D908173A9A}.Debug|Any CPU.Build.0 = Debug|Any CPU
		{25EAE3E4-AA29-4008-87B1-A7D908173A9A}.Release|Any CPU.ActiveCfg = Release|Any CPU
		{25EAE3E4-AA29-4008-87B1-A7D908173A9A}.Release|Any CPU.Build.0 = Release|Any CPU
		{6D11F64E-E059-47E1-97B9-DE208A5BDA4C}.Debug|Any CPU.ActiveCfg = Debug|Any CPU
		{6D11F64E-E059-47E1-97B9-DE208A5BDA4C}.Debug|Any CPU.Build.0 = Debug|Any CPU
		{6D11F64E-E059-47E1-97B9-DE208A5BDA4C}.Release|Any CPU.ActiveCfg = Release|Any CPU
		{6D11F64E-E059-47E1-97B9-DE208A5BDA4C}.Release|Any CPU.Build.0 = Release|Any CPU
	EndGlobalSection
	GlobalSection(SolutionProperties) = preSolution
		HideSolutionNode = FALSE
	EndGlobalSection
	GlobalSection(ExtensibilityGlobals) = postSolution
		SolutionGuid = {60292154-0C29-45B5-A098-4351BDD5C8CE}
	EndGlobalSection
EndGlobal
